
Microsoft Visual Studio Solution File, Format Version 12.00
# Visual Studio Version 17
VisualStudioVersion = 17.10.34928.147
MinimumVisualStudioVersion = 10.0.40219.1
Project("{FAE04EC0-301F-11D3-BF4B-00C04F79EFBC}") = "ToDoListMvc", "ToDoListMvc\ToDoListMvc.csproj", "{C87F67CC-64B5-44C9-9E50-2B499F8BAD7A}"
EndProject
Global
	GlobalSection(SolutionConfigurationPlatforms) = preSolution
		Debug|Any CPU = Debug|Any CPU
		Release|Any CPU = Release|Any CPU
	EndGlobalSection
	GlobalSection(ProjectConfigurationPlatforms) = postSolution
		{C87F67CC-64B5-44C9-9E50-2B499F8BAD7A}.Debug|Any CPU.ActiveCfg = Debug|Any CPU
		{C87F67CC-64B5-44C9-9E50-2B499F8BAD7A}.Debug|Any CPU.Build.0 = Debug|Any CPU
		{C87F67CC-64B5-44C9-9E50-2B499F8BAD7A}.Release|Any CPU.ActiveCfg = Release|Any CPU
		{C87F67CC-64B5-44C9-9E50-2B499F8BAD7A}.Release|Any CPU.Build.0 = Release|Any CPU
	EndGlobalSection
	GlobalSection(SolutionProperties) = preSolution
		HideSolutionNode = FALSE
	EndGlobalSection
	GlobalSection(ExtensibilityGlobals) = postSolution
		SolutionGuid = {4696DF3C-5B9A-4024-AD12-9F328FB5B823}
	EndGlobalSection
EndGlobal
